// !$*UTF8*$!
{
	archiveVersion = 1;
	classes = {
	};
	objectVersion = 56;
	objects = {

/* Begin PBXBuildFile section */
		82130A6629A7CCB6006D9E7D /* CMMovieGenreViewCell.swift in Sources */ = {isa = PBXBuildFile; fileRef = 82130A6529A7CCB6006D9E7D /* CMMovieGenreViewCell.swift */; };
		82130A6829A7CCCA006D9E7D /* CMMovieVideoCell.swift in Sources */ = {isa = PBXBuildFile; fileRef = 82130A6729A7CCCA006D9E7D /* CMMovieVideoCell.swift */; };
		82130A6A29A7CCE6006D9E7D /* CMProductionCompanyViewCell.swift in Sources */ = {isa = PBXBuildFile; fileRef = 82130A6929A7CCE6006D9E7D /* CMProductionCompanyViewCell.swift */; };
		82130A6C29A7D3C1006D9E7D /* CMDetailsGenresView.swift in Sources */ = {isa = PBXBuildFile; fileRef = 82130A6B29A7D3C1006D9E7D /* CMDetailsGenresView.swift */; };
		82130A6E29A7D813006D9E7D /* CMDetailsVideosView.swift in Sources */ = {isa = PBXBuildFile; fileRef = 82130A6D29A7D813006D9E7D /* CMDetailsVideosView.swift */; };
		82130A7029A7D966006D9E7D /* CMDetailsProductionCompaniesVew.swift in Sources */ = {isa = PBXBuildFile; fileRef = 82130A6F29A7D966006D9E7D /* CMDetailsProductionCompaniesVew.swift */; };
		82130A7429A7F409006D9E7D /* CMAPIServicesManager.swift in Sources */ = {isa = PBXBuildFile; fileRef = 82130A7329A7F409006D9E7D /* CMAPIServicesManager.swift */; };
		82130A7829A7F4D1006D9E7D /* CMAPIServicesURLBaseEnum.swift in Sources */ = {isa = PBXBuildFile; fileRef = 82130A7729A7F4D1006D9E7D /* CMAPIServicesURLBaseEnum.swift */; };
		82130A7A29A7F4E1006D9E7D /* CMAPIServicesURLPrefixEnum.swift in Sources */ = {isa = PBXBuildFile; fileRef = 82130A7929A7F4E1006D9E7D /* CMAPIServicesURLPrefixEnum.swift */; };
		82130A7C29A7F4EC006D9E7D /* CMAPIServicesURLEndpointEnum.swift in Sources */ = {isa = PBXBuildFile; fileRef = 82130A7B29A7F4EC006D9E7D /* CMAPIServicesURLEndpointEnum.swift */; };
		82130A7E29A7F53D006D9E7D /* CMAPIServicesRequestMethodEnum.swift in Sources */ = {isa = PBXBuildFile; fileRef = 82130A7D29A7F53D006D9E7D /* CMAPIServicesRequestMethodEnum.swift */; };
		82130A8029A800FE006D9E7D /* CMTokenResponse.swift in Sources */ = {isa = PBXBuildFile; fileRef = 82130A7F29A800FE006D9E7D /* CMTokenResponse.swift */; };
		82130A8229A801A7006D9E7D /* CMLoader.swift in Sources */ = {isa = PBXBuildFile; fileRef = 82130A8129A801A7006D9E7D /* CMLoader.swift */; };
		82130A8929A85824006D9E7D /* UIImageView+Extension.swift in Sources */ = {isa = PBXBuildFile; fileRef = 82130A8829A85824006D9E7D /* UIImageView+Extension.swift */; };
		82130A8C29A859BA006D9E7D /* CMImageConfig.swift in Sources */ = {isa = PBXBuildFile; fileRef = 82130A8B29A859BA006D9E7D /* CMImageConfig.swift */; };
		82130A8E29A85A92006D9E7D /* CMImageConfigSizeEnum.swift in Sources */ = {isa = PBXBuildFile; fileRef = 82130A8D29A85A92006D9E7D /* CMImageConfigSizeEnum.swift */; };
		82130A9029A86D35006D9E7D /* CMCoreDataManager.swift in Sources */ = {isa = PBXBuildFile; fileRef = 82130A8F29A86D35006D9E7D /* CMCoreDataManager.swift */; };
		82130A9829A8746A006D9E7D /* FavoriteMovie+CoreDataClass.swift in Sources */ = {isa = PBXBuildFile; fileRef = 82130A9629A8746A006D9E7D /* FavoriteMovie+CoreDataClass.swift */; };
		82130A9929A8746A006D9E7D /* FavoriteMovie+CoreDataProperties.swift in Sources */ = {isa = PBXBuildFile; fileRef = 82130A9729A8746A006D9E7D /* FavoriteMovie+CoreDataProperties.swift */; };
		8261FA7929A6717B001638C8 /* AppDelegate.swift in Sources */ = {isa = PBXBuildFile; fileRef = 8261FA7829A6717B001638C8 /* AppDelegate.swift */; };
		8261FA8329A6717B001638C8 /* CoppelMovies.xcdatamodeld in Sources */ = {isa = PBXBuildFile; fileRef = 8261FA8129A6717B001638C8 /* CoppelMovies.xcdatamodeld */; };
		8261FA8529A6717C001638C8 /* Assets.xcassets in Resources */ = {isa = PBXBuildFile; fileRef = 8261FA8429A6717C001638C8 /* Assets.xcassets */; };
		8261FA9729A67961001638C8 /* CMLoginView.swift in Sources */ = {isa = PBXBuildFile; fileRef = 8261FA9629A67961001638C8 /* CMLoginView.swift */; };
		8261FA9929A6796A001638C8 /* CMLoginPresenter.swift in Sources */ = {isa = PBXBuildFile; fileRef = 8261FA9829A6796A001638C8 /* CMLoginPresenter.swift */; };
		8261FA9B29A67972001638C8 /* CMLoginInteractor.swift in Sources */ = {isa = PBXBuildFile; fileRef = 8261FA9A29A67972001638C8 /* CMLoginInteractor.swift */; };
		8261FA9D29A6797C001638C8 /* CMLoginRouter.swift in Sources */ = {isa = PBXBuildFile; fileRef = 8261FA9C29A6797C001638C8 /* CMLoginRouter.swift */; };
		8261FA9F29A6798F001638C8 /* CMLoginEntity.swift in Sources */ = {isa = PBXBuildFile; fileRef = 8261FA9E29A6798F001638C8 /* CMLoginEntity.swift */; };
		8261FAA129A679A3001638C8 /* CMCatalogView.swift in Sources */ = {isa = PBXBuildFile; fileRef = 8261FAA029A679A3001638C8 /* CMCatalogView.swift */; };
		8261FAA329A679AC001638C8 /* CMCatalogPresenter.swift in Sources */ = {isa = PBXBuildFile; fileRef = 8261FAA229A679AC001638C8 /* CMCatalogPresenter.swift */; };
		8261FAA529A679B4001638C8 /* CMCatalogInteractor.swift in Sources */ = {isa = PBXBuildFile; fileRef = 8261FAA429A679B4001638C8 /* CMCatalogInteractor.swift */; };
		8261FAA729A679BA001638C8 /* CMCatalogRouter.swift in Sources */ = {isa = PBXBuildFile; fileRef = 8261FAA629A679BA001638C8 /* CMCatalogRouter.swift */; };
		8261FAA929A679C4001638C8 /* CMCatalogEntity.swift in Sources */ = {isa = PBXBuildFile; fileRef = 8261FAA829A679C4001638C8 /* CMCatalogEntity.swift */; };
		8261FAAD29A679E6001638C8 /* CMProfileView.swift in Sources */ = {isa = PBXBuildFile; fileRef = 8261FAAC29A679E6001638C8 /* CMProfileView.swift */; };
		8261FAAF29A679ED001638C8 /* CMProfilePresenter.swift in Sources */ = {isa = PBXBuildFile; fileRef = 8261FAAE29A679ED001638C8 /* CMProfilePresenter.swift */; };
		8261FAB129A679F4001638C8 /* CMProfileInteractor.swift in Sources */ = {isa = PBXBuildFile; fileRef = 8261FAB029A679F4001638C8 /* CMProfileInteractor.swift */; };
		8261FAB329A679FB001638C8 /* CMProfileRouter.swift in Sources */ = {isa = PBXBuildFile; fileRef = 8261FAB229A679FB001638C8 /* CMProfileRouter.swift */; };
		8261FAB529A67A00001638C8 /* CMProfileEntity.swift in Sources */ = {isa = PBXBuildFile; fileRef = 8261FAB429A67A00001638C8 /* CMProfileEntity.swift */; };
		8261FABB29A67A4B001638C8 /* CMDetailsView.swift in Sources */ = {isa = PBXBuildFile; fileRef = 8261FABA29A67A4B001638C8 /* CMDetailsView.swift */; };
		8261FABD29A67A55001638C8 /* CMDetailsPresenter.swift in Sources */ = {isa = PBXBuildFile; fileRef = 8261FABC29A67A55001638C8 /* CMDetailsPresenter.swift */; };
		8261FABF29A67A5D001638C8 /* CMDetailsInteractor.swift in Sources */ = {isa = PBXBuildFile; fileRef = 8261FABE29A67A5D001638C8 /* CMDetailsInteractor.swift */; };
		8261FAC129A67A66001638C8 /* CMDetailsRouter.swift in Sources */ = {isa = PBXBuildFile; fileRef = 8261FAC029A67A66001638C8 /* CMDetailsRouter.swift */; };
		8261FAC329A67A72001638C8 /* CMDetailsEntity.swift in Sources */ = {isa = PBXBuildFile; fileRef = 8261FAC229A67A72001638C8 /* CMDetailsEntity.swift */; };
		8261FAC829A68ED3001638C8 /* UIColor+Extension.swift in Sources */ = {isa = PBXBuildFile; fileRef = 8261FAC729A68ED3001638C8 /* UIColor+Extension.swift */; };
		8261FACA29A68F05001638C8 /* CGFloat+Extension.swift in Sources */ = {isa = PBXBuildFile; fileRef = 8261FAC929A68F05001638C8 /* CGFloat+Extension.swift */; };
		8261FACD29A68F6E001638C8 /* CMTextFieldView.swift in Sources */ = {isa = PBXBuildFile; fileRef = 8261FACC29A68F6E001638C8 /* CMTextFieldView.swift */; };
		8261FAD029A68FA8001638C8 /* CMButtonView.swift in Sources */ = {isa = PBXBuildFile; fileRef = 8261FACF29A68FA8001638C8 /* CMButtonView.swift */; };
		8261FAD629A69A2B001638C8 /* CMMovieViewCell.swift in Sources */ = {isa = PBXBuildFile; fileRef = 8261FAD529A69A2B001638C8 /* CMMovieViewCell.swift */; };
		8261FAD929A6E2A9001638C8 /* CMCatalogCategoriesEnum.swift in Sources */ = {isa = PBXBuildFile; fileRef = 8261FAD829A6E2A9001638C8 /* CMCatalogCategoriesEnum.swift */; };
		8261FADB29A6FB5D001638C8 /* CMFavoriteButtonView.swift in Sources */ = {isa = PBXBuildFile; fileRef = 8261FADA29A6FB5D001638C8 /* CMFavoriteButtonView.swift */; };
/* End PBXBuildFile section */

/* Begin PBXFileReference section */
		82130A6529A7CCB6006D9E7D /* CMMovieGenreViewCell.swift */ = {isa = PBXFileReference; lastKnownFileType = sourcecode.swift; path = CMMovieGenreViewCell.swift; sourceTree = "<group>"; };
		82130A6729A7CCCA006D9E7D /* CMMovieVideoCell.swift */ = {isa = PBXFileReference; lastKnownFileType = sourcecode.swift; path = CMMovieVideoCell.swift; sourceTree = "<group>"; };
		82130A6929A7CCE6006D9E7D /* CMProductionCompanyViewCell.swift */ = {isa = PBXFileReference; lastKnownFileType = sourcecode.swift; path = CMProductionCompanyViewCell.swift; sourceTree = "<group>"; };
		82130A6B29A7D3C1006D9E7D /* CMDetailsGenresView.swift */ = {isa = PBXFileReference; lastKnownFileType = sourcecode.swift; path = CMDetailsGenresView.swift; sourceTree = "<group>"; };
		82130A6D29A7D813006D9E7D /* CMDetailsVideosView.swift */ = {isa = PBXFileReference; lastKnownFileType = sourcecode.swift; path = CMDetailsVideosView.swift; sourceTree = "<group>"; };
		82130A6F29A7D966006D9E7D /* CMDetailsProductionCompaniesVew.swift */ = {isa = PBXFileReference; lastKnownFileType = sourcecode.swift; path = CMDetailsProductionCompaniesVew.swift; sourceTree = "<group>"; };
		82130A7329A7F409006D9E7D /* CMAPIServicesManager.swift */ = {isa = PBXFileReference; lastKnownFileType = sourcecode.swift; path = CMAPIServicesManager.swift; sourceTree = "<group>"; };
		82130A7729A7F4D1006D9E7D /* CMAPIServicesURLBaseEnum.swift */ = {isa = PBXFileReference; lastKnownFileType = sourcecode.swift; path = CMAPIServicesURLBaseEnum.swift; sourceTree = "<group>"; };
		82130A7929A7F4E1006D9E7D /* CMAPIServicesURLPrefixEnum.swift */ = {isa = PBXFileReference; lastKnownFileType = sourcecode.swift; path = CMAPIServicesURLPrefixEnum.swift; sourceTree = "<group>"; };
		82130A7B29A7F4EC006D9E7D /* CMAPIServicesURLEndpointEnum.swift */ = {isa = PBXFileReference; lastKnownFileType = sourcecode.swift; path = CMAPIServicesURLEndpointEnum.swift; sourceTree = "<group>"; };
		82130A7D29A7F53D006D9E7D /* CMAPIServicesRequestMethodEnum.swift */ = {isa = PBXFileReference; lastKnownFileType = sourcecode.swift; path = CMAPIServicesRequestMethodEnum.swift; sourceTree = "<group>"; };
		82130A7F29A800FE006D9E7D /* CMTokenResponse.swift */ = {isa = PBXFileReference; lastKnownFileType = sourcecode.swift; path = CMTokenResponse.swift; sourceTree = "<group>"; };
		82130A8129A801A7006D9E7D /* CMLoader.swift */ = {isa = PBXFileReference; lastKnownFileType = sourcecode.swift; path = CMLoader.swift; sourceTree = "<group>"; };
		82130A8829A85824006D9E7D /* UIImageView+Extension.swift */ = {isa = PBXFileReference; lastKnownFileType = sourcecode.swift; path = "UIImageView+Extension.swift"; sourceTree = "<group>"; };
		82130A8B29A859BA006D9E7D /* CMImageConfig.swift */ = {isa = PBXFileReference; lastKnownFileType = sourcecode.swift; path = CMImageConfig.swift; sourceTree = "<group>"; };
		82130A8D29A85A92006D9E7D /* CMImageConfigSizeEnum.swift */ = {isa = PBXFileReference; lastKnownFileType = sourcecode.swift; path = CMImageConfigSizeEnum.swift; sourceTree = "<group>"; };
		82130A8F29A86D35006D9E7D /* CMCoreDataManager.swift */ = {isa = PBXFileReference; lastKnownFileType = sourcecode.swift; path = CMCoreDataManager.swift; sourceTree = "<group>"; };
		82130A9629A8746A006D9E7D /* FavoriteMovie+CoreDataClass.swift */ = {isa = PBXFileReference; lastKnownFileType = sourcecode.swift; path = "FavoriteMovie+CoreDataClass.swift"; sourceTree = "<group>"; };
		82130A9729A8746A006D9E7D /* FavoriteMovie+CoreDataProperties.swift */ = {isa = PBXFileReference; lastKnownFileType = sourcecode.swift; path = "FavoriteMovie+CoreDataProperties.swift"; sourceTree = "<group>"; };
		8261FA7529A6717B001638C8 /* CoppelMovies.app */ = {isa = PBXFileReference; explicitFileType = wrapper.application; includeInIndex = 0; path = CoppelMovies.app; sourceTree = BUILT_PRODUCTS_DIR; };
		8261FA7829A6717B001638C8 /* AppDelegate.swift */ = {isa = PBXFileReference; lastKnownFileType = sourcecode.swift; path = AppDelegate.swift; sourceTree = "<group>"; };
		8261FA8229A6717B001638C8 /* CoppelMovies.xcdatamodel */ = {isa = PBXFileReference; lastKnownFileType = wrapper.xcdatamodel; path = CoppelMovies.xcdatamodel; sourceTree = "<group>"; };
		8261FA8429A6717C001638C8 /* Assets.xcassets */ = {isa = PBXFileReference; lastKnownFileType = folder.assetcatalog; path = Assets.xcassets; sourceTree = "<group>"; };
		8261FA8929A6717C001638C8 /* Info.plist */ = {isa = PBXFileReference; lastKnownFileType = text.plist.xml; path = Info.plist; sourceTree = "<group>"; };
		8261FA9629A67961001638C8 /* CMLoginView.swift */ = {isa = PBXFileReference; lastKnownFileType = sourcecode.swift; path = CMLoginView.swift; sourceTree = "<group>"; };
		8261FA9829A6796A001638C8 /* CMLoginPresenter.swift */ = {isa = PBXFileReference; lastKnownFileType = sourcecode.swift; path = CMLoginPresenter.swift; sourceTree = "<group>"; };
		8261FA9A29A67972001638C8 /* CMLoginInteractor.swift */ = {isa = PBXFileReference; lastKnownFileType = sourcecode.swift; path = CMLoginInteractor.swift; sourceTree = "<group>"; };
		8261FA9C29A6797C001638C8 /* CMLoginRouter.swift */ = {isa = PBXFileReference; lastKnownFileType = sourcecode.swift; path = CMLoginRouter.swift; sourceTree = "<group>"; };
		8261FA9E29A6798F001638C8 /* CMLoginEntity.swift */ = {isa = PBXFileReference; lastKnownFileType = sourcecode.swift; path = CMLoginEntity.swift; sourceTree = "<group>"; };
		8261FAA029A679A3001638C8 /* CMCatalogView.swift */ = {isa = PBXFileReference; lastKnownFileType = sourcecode.swift; path = CMCatalogView.swift; sourceTree = "<group>"; };
		8261FAA229A679AC001638C8 /* CMCatalogPresenter.swift */ = {isa = PBXFileReference; lastKnownFileType = sourcecode.swift; path = CMCatalogPresenter.swift; sourceTree = "<group>"; };
		8261FAA429A679B4001638C8 /* CMCatalogInteractor.swift */ = {isa = PBXFileReference; lastKnownFileType = sourcecode.swift; path = CMCatalogInteractor.swift; sourceTree = "<group>"; };
		8261FAA629A679BA001638C8 /* CMCatalogRouter.swift */ = {isa = PBXFileReference; lastKnownFileType = sourcecode.swift; path = CMCatalogRouter.swift; sourceTree = "<group>"; };
		8261FAA829A679C4001638C8 /* CMCatalogEntity.swift */ = {isa = PBXFileReference; lastKnownFileType = sourcecode.swift; path = CMCatalogEntity.swift; sourceTree = "<group>"; };
		8261FAAC29A679E6001638C8 /* CMProfileView.swift */ = {isa = PBXFileReference; lastKnownFileType = sourcecode.swift; path = CMProfileView.swift; sourceTree = "<group>"; };
		8261FAAE29A679ED001638C8 /* CMProfilePresenter.swift */ = {isa = PBXFileReference; lastKnownFileType = sourcecode.swift; path = CMProfilePresenter.swift; sourceTree = "<group>"; };
		8261FAB029A679F4001638C8 /* CMProfileInteractor.swift */ = {isa = PBXFileReference; lastKnownFileType = sourcecode.swift; path = CMProfileInteractor.swift; sourceTree = "<group>"; };
		8261FAB229A679FB001638C8 /* CMProfileRouter.swift */ = {isa = PBXFileReference; lastKnownFileType = sourcecode.swift; path = CMProfileRouter.swift; sourceTree = "<group>"; };
		8261FAB429A67A00001638C8 /* CMProfileEntity.swift */ = {isa = PBXFileReference; lastKnownFileType = sourcecode.swift; path = CMProfileEntity.swift; sourceTree = "<group>"; };
		8261FABA29A67A4B001638C8 /* CMDetailsView.swift */ = {isa = PBXFileReference; lastKnownFileType = sourcecode.swift; path = CMDetailsView.swift; sourceTree = "<group>"; };
		8261FABC29A67A55001638C8 /* CMDetailsPresenter.swift */ = {isa = PBXFileReference; lastKnownFileType = sourcecode.swift; path = CMDetailsPresenter.swift; sourceTree = "<group>"; };
		8261FABE29A67A5D001638C8 /* CMDetailsInteractor.swift */ = {isa = PBXFileReference; lastKnownFileType = sourcecode.swift; path = CMDetailsInteractor.swift; sourceTree = "<group>"; };
		8261FAC029A67A66001638C8 /* CMDetailsRouter.swift */ = {isa = PBXFileReference; lastKnownFileType = sourcecode.swift; path = CMDetailsRouter.swift; sourceTree = "<group>"; };
		8261FAC229A67A72001638C8 /* CMDetailsEntity.swift */ = {isa = PBXFileReference; lastKnownFileType = sourcecode.swift; path = CMDetailsEntity.swift; sourceTree = "<group>"; };
		8261FAC729A68ED3001638C8 /* UIColor+Extension.swift */ = {isa = PBXFileReference; lastKnownFileType = sourcecode.swift; path = "UIColor+Extension.swift"; sourceTree = "<group>"; };
		8261FAC929A68F05001638C8 /* CGFloat+Extension.swift */ = {isa = PBXFileReference; lastKnownFileType = sourcecode.swift; path = "CGFloat+Extension.swift"; sourceTree = "<group>"; };
		8261FACC29A68F6E001638C8 /* CMTextFieldView.swift */ = {isa = PBXFileReference; lastKnownFileType = sourcecode.swift; path = CMTextFieldView.swift; sourceTree = "<group>"; };
		8261FACF29A68FA8001638C8 /* CMButtonView.swift */ = {isa = PBXFileReference; lastKnownFileType = sourcecode.swift; path = CMButtonView.swift; sourceTree = "<group>"; };
		8261FAD529A69A2B001638C8 /* CMMovieViewCell.swift */ = {isa = PBXFileReference; lastKnownFileType = sourcecode.swift; path = CMMovieViewCell.swift; sourceTree = "<group>"; };
		8261FAD829A6E2A9001638C8 /* CMCatalogCategoriesEnum.swift */ = {isa = PBXFileReference; lastKnownFileType = sourcecode.swift; path = CMCatalogCategoriesEnum.swift; sourceTree = "<group>"; };
		8261FADA29A6FB5D001638C8 /* CMFavoriteButtonView.swift */ = {isa = PBXFileReference; lastKnownFileType = sourcecode.swift; path = CMFavoriteButtonView.swift; sourceTree = "<group>"; };
/* End PBXFileReference section */

/* Begin PBXFrameworksBuildPhase section */
		8261FA7229A6717B001638C8 /* Frameworks */ = {
			isa = PBXFrameworksBuildPhase;
			buildActionMask = 2147483647;
			files = (
			);
			runOnlyForDeploymentPostprocessing = 0;
		};
/* End PBXFrameworksBuildPhase section */

/* Begin PBXGroup section */
		82130A6029A7CC20006D9E7D /* CollectionsSections */ = {
			isa = PBXGroup;
			children = (
				82130A6329A7CC3A006D9E7D /* ProductionCompanies */,
				82130A6229A7CC35006D9E7D /* Videos */,
				82130A6129A7CC2B006D9E7D /* Genres */,
			);
			path = CollectionsSections;
			sourceTree = "<group>";
		};
		82130A6129A7CC2B006D9E7D /* Genres */ = {
			isa = PBXGroup;
			children = (
				82130A6B29A7D3C1006D9E7D /* CMDetailsGenresView.swift */,
			);
			path = Genres;
			sourceTree = "<group>";
		};
		82130A6229A7CC35006D9E7D /* Videos */ = {
			isa = PBXGroup;
			children = (
				82130A6D29A7D813006D9E7D /* CMDetailsVideosView.swift */,
			);
			path = Videos;
			sourceTree = "<group>";
		};
		82130A6329A7CC3A006D9E7D /* ProductionCompanies */ = {
			isa = PBXGroup;
			children = (
				82130A6F29A7D966006D9E7D /* CMDetailsProductionCompaniesVew.swift */,
			);
			path = ProductionCompanies;
			sourceTree = "<group>";
		};
		82130A8A29A85989006D9E7D /* Singletons */ = {
			isa = PBXGroup;
			children = (
				82130A8B29A859BA006D9E7D /* CMImageConfig.swift */,
				82130A8F29A86D35006D9E7D /* CMCoreDataManager.swift */,
			);
			path = Singletons;
			sourceTree = "<group>";
		};
		82130A9529A86F87006D9E7D /* CoreData */ = {
			isa = PBXGroup;
			children = (
				82130A9629A8746A006D9E7D /* FavoriteMovie+CoreDataClass.swift */,
				82130A9729A8746A006D9E7D /* FavoriteMovie+CoreDataProperties.swift */,
			);
			path = CoreData;
			sourceTree = "<group>";
		};
		8261FA6C29A6717B001638C8 = {
			isa = PBXGroup;
			children = (
				8261FA7729A6717B001638C8 /* CoppelMovies */,
				8261FA7629A6717B001638C8 /* Products */,
			);
			sourceTree = "<group>";
		};
		8261FA7629A6717B001638C8 /* Products */ = {
			isa = PBXGroup;
			children = (
				8261FA7529A6717B001638C8 /* CoppelMovies.app */,
			);
			name = Products;
			sourceTree = "<group>";
		};
		8261FA7729A6717B001638C8 /* CoppelMovies */ = {
			isa = PBXGroup;
			children = (
				8261FA9129A67398001638C8 /* Main */,
				8261FA8F29A67388001638C8 /* Modules */,
				8261FA9029A6738E001638C8 /* Utils */,
				8261FA8429A6717C001638C8 /* Assets.xcassets */,
				8261FA8929A6717C001638C8 /* Info.plist */,
				8261FA8129A6717B001638C8 /* CoppelMovies.xcdatamodeld */,
			);
			path = CoppelMovies;
			sourceTree = "<group>";
		};
		8261FA8F29A67388001638C8 /* Modules */ = {
			isa = PBXGroup;
			children = (
				8261FA9229A673B9001638C8 /* Login */,
				8261FA9329A673BE001638C8 /* Catalog */,
				8261FA9429A673C3001638C8 /* Profile */,
				8261FA9529A673CA001638C8 /* Details */,
			);
			path = Modules;
			sourceTree = "<group>";
		};
		8261FA9029A6738E001638C8 /* Utils */ = {
			isa = PBXGroup;
			children = (
				82130A9529A86F87006D9E7D /* CoreData */,
				82130A8A29A85989006D9E7D /* Singletons */,
				8261FAD729A6E291001638C8 /* Enums */,
				8261FAC629A68EA3001638C8 /* Network */,
				8261FAC529A68E9E001638C8 /* Extensions */,
				8261FAC429A68E98001638C8 /* Components */,
			);
			path = Utils;
			sourceTree = "<group>";
		};
		8261FA9129A67398001638C8 /* Main */ = {
			isa = PBXGroup;
			children = (
				8261FA7829A6717B001638C8 /* AppDelegate.swift */,
			);
			path = Main;
			sourceTree = "<group>";
		};
		8261FA9229A673B9001638C8 /* Login */ = {
			isa = PBXGroup;
			children = (
				8261FA9629A67961001638C8 /* CMLoginView.swift */,
				8261FA9829A6796A001638C8 /* CMLoginPresenter.swift */,
				8261FA9A29A67972001638C8 /* CMLoginInteractor.swift */,
				8261FA9C29A6797C001638C8 /* CMLoginRouter.swift */,
				8261FA9E29A6798F001638C8 /* CMLoginEntity.swift */,
			);
			path = Login;
			sourceTree = "<group>";
		};
		8261FA9329A673BE001638C8 /* Catalog */ = {
			isa = PBXGroup;
			children = (
				8261FAA029A679A3001638C8 /* CMCatalogView.swift */,
				8261FAA229A679AC001638C8 /* CMCatalogPresenter.swift */,
				8261FAA429A679B4001638C8 /* CMCatalogInteractor.swift */,
				8261FAA629A679BA001638C8 /* CMCatalogRouter.swift */,
				8261FAA829A679C4001638C8 /* CMCatalogEntity.swift */,
			);
			path = Catalog;
			sourceTree = "<group>";
		};
		8261FA9429A673C3001638C8 /* Profile */ = {
			isa = PBXGroup;
			children = (
				8261FAAC29A679E6001638C8 /* CMProfileView.swift */,
				8261FAAE29A679ED001638C8 /* CMProfilePresenter.swift */,
				8261FAB029A679F4001638C8 /* CMProfileInteractor.swift */,
				8261FAB229A679FB001638C8 /* CMProfileRouter.swift */,
				8261FAB429A67A00001638C8 /* CMProfileEntity.swift */,
			);
			path = Profile;
			sourceTree = "<group>";
		};
		8261FA9529A673CA001638C8 /* Details */ = {
			isa = PBXGroup;
			children = (
				82130A6029A7CC20006D9E7D /* CollectionsSections */,
				8261FABA29A67A4B001638C8 /* CMDetailsView.swift */,
				8261FABC29A67A55001638C8 /* CMDetailsPresenter.swift */,
				8261FABE29A67A5D001638C8 /* CMDetailsInteractor.swift */,
				8261FAC029A67A66001638C8 /* CMDetailsRouter.swift */,
				8261FAC229A67A72001638C8 /* CMDetailsEntity.swift */,
			);
			path = Details;
			sourceTree = "<group>";
		};
		8261FAC429A68E98001638C8 /* Components */ = {
			isa = PBXGroup;
			children = (
				8261FAD429A69A16001638C8 /* Cells */,
				8261FAD129A690C0001638C8 /* Loaders */,
				8261FACE29A68F99001638C8 /* Buttons */,
				8261FACB29A68F5B001638C8 /* TextFields */,
			);
			path = Components;
			sourceTree = "<group>";
		};
		8261FAC529A68E9E001638C8 /* Extensions */ = {
			isa = PBXGroup;
			children = (
				8261FAC729A68ED3001638C8 /* UIColor+Extension.swift */,
				8261FAC929A68F05001638C8 /* CGFloat+Extension.swift */,
				82130A8829A85824006D9E7D /* UIImageView+Extension.swift */,
			);
			path = Extensions;
			sourceTree = "<group>";
		};
		8261FAC629A68EA3001638C8 /* Network */ = {
			isa = PBXGroup;
			children = (
				82130A7329A7F409006D9E7D /* CMAPIServicesManager.swift */,
				82130A7F29A800FE006D9E7D /* CMTokenResponse.swift */,
			);
			path = Network;
			sourceTree = "<group>";
		};
		8261FACB29A68F5B001638C8 /* TextFields */ = {
			isa = PBXGroup;
			children = (
				8261FACC29A68F6E001638C8 /* CMTextFieldView.swift */,
			);
			path = TextFields;
			sourceTree = "<group>";
		};
		8261FACE29A68F99001638C8 /* Buttons */ = {
			isa = PBXGroup;
			children = (
				8261FACF29A68FA8001638C8 /* CMButtonView.swift */,
				8261FADA29A6FB5D001638C8 /* CMFavoriteButtonView.swift */,
			);
			path = Buttons;
			sourceTree = "<group>";
		};
		8261FAD129A690C0001638C8 /* Loaders */ = {
			isa = PBXGroup;
			children = (
				82130A8129A801A7006D9E7D /* CMLoader.swift */,
			);
			path = Loaders;
			sourceTree = "<group>";
		};
		8261FAD429A69A16001638C8 /* Cells */ = {
			isa = PBXGroup;
			children = (
				8261FAD529A69A2B001638C8 /* CMMovieViewCell.swift */,
				82130A6529A7CCB6006D9E7D /* CMMovieGenreViewCell.swift */,
				82130A6729A7CCCA006D9E7D /* CMMovieVideoCell.swift */,
				82130A6929A7CCE6006D9E7D /* CMProductionCompanyViewCell.swift */,
			);
			path = Cells;
			sourceTree = "<group>";
		};
		8261FAD729A6E291001638C8 /* Enums */ = {
			isa = PBXGroup;
			children = (
				8261FAD829A6E2A9001638C8 /* CMCatalogCategoriesEnum.swift */,
				82130A7729A7F4D1006D9E7D /* CMAPIServicesURLBaseEnum.swift */,
				82130A7929A7F4E1006D9E7D /* CMAPIServicesURLPrefixEnum.swift */,
				82130A7B29A7F4EC006D9E7D /* CMAPIServicesURLEndpointEnum.swift */,
				82130A7D29A7F53D006D9E7D /* CMAPIServicesRequestMethodEnum.swift */,
				82130A8D29A85A92006D9E7D /* CMImageConfigSizeEnum.swift */,
			);
			path = Enums;
			sourceTree = "<group>";
		};
/* End PBXGroup section */

/* Begin PBXNativeTarget section */
		8261FA7429A6717B001638C8 /* CoppelMovies */ = {
			isa = PBXNativeTarget;
			buildConfigurationList = 8261FA8C29A6717C001638C8 /* Build configuration list for PBXNativeTarget "CoppelMovies" */;
			buildPhases = (
				8261FA7129A6717B001638C8 /* Sources */,
				8261FA7229A6717B001638C8 /* Frameworks */,
				8261FA7329A6717B001638C8 /* Resources */,
			);
			buildRules = (
			);
			dependencies = (
			);
			name = CoppelMovies;
			productName = CoppelMovies;
			productReference = 8261FA7529A6717B001638C8 /* CoppelMovies.app */;
			productType = "com.apple.product-type.application";
		};
/* End PBXNativeTarget section */

/* Begin PBXProject section */
		8261FA6D29A6717B001638C8 /* Project object */ = {
			isa = PBXProject;
			attributes = {
				BuildIndependentTargetsInParallel = 1;
				LastSwiftUpdateCheck = 1410;
				LastUpgradeCheck = 1410;
				TargetAttributes = {
					8261FA7429A6717B001638C8 = {
						CreatedOnToolsVersion = 14.1;
					};
				};
			};
			buildConfigurationList = 8261FA7029A6717B001638C8 /* Build configuration list for PBXProject "CoppelMovies" */;
			compatibilityVersion = "Xcode 14.0";
			developmentRegion = en;
			hasScannedForEncodings = 0;
			knownRegions = (
				en,
				Base,
			);
			mainGroup = 8261FA6C29A6717B001638C8;
			productRefGroup = 8261FA7629A6717B001638C8 /* Products */;
			projectDirPath = "";
			projectRoot = "";
			targets = (
				8261FA7429A6717B001638C8 /* CoppelMovies */,
			);
		};
/* End PBXProject section */

/* Begin PBXResourcesBuildPhase section */
		8261FA7329A6717B001638C8 /* Resources */ = {
			isa = PBXResourcesBuildPhase;
			buildActionMask = 2147483647;
			files = (
				8261FA8529A6717C001638C8 /* Assets.xcassets in Resources */,
			);
			runOnlyForDeploymentPostprocessing = 0;
		};
/* End PBXResourcesBuildPhase section */

/* Begin PBXSourcesBuildPhase section */
		8261FA7129A6717B001638C8 /* Sources */ = {
			isa = PBXSourcesBuildPhase;
			buildActionMask = 2147483647;
			files = (
				8261FAB129A679F4001638C8 /* CMProfileInteractor.swift in Sources */,
				8261FABD29A67A55001638C8 /* CMDetailsPresenter.swift in Sources */,
				8261FADB29A6FB5D001638C8 /* CMFavoriteButtonView.swift in Sources */,
				8261FACA29A68F05001638C8 /* CGFloat+Extension.swift in Sources */,
				8261FAA729A679BA001638C8 /* CMCatalogRouter.swift in Sources */,
				8261FA9B29A67972001638C8 /* CMLoginInteractor.swift in Sources */,
				8261FAA929A679C4001638C8 /* CMCatalogEntity.swift in Sources */,
				8261FAD029A68FA8001638C8 /* CMButtonView.swift in Sources */,
				8261FABB29A67A4B001638C8 /* CMDetailsView.swift in Sources */,
				8261FA9929A6796A001638C8 /* CMLoginPresenter.swift in Sources */,
				8261FA9729A67961001638C8 /* CMLoginView.swift in Sources */,
				82130A8029A800FE006D9E7D /* CMTokenResponse.swift in Sources */,
				8261FABF29A67A5D001638C8 /* CMDetailsInteractor.swift in Sources */,
				82130A7429A7F409006D9E7D /* CMAPIServicesManager.swift in Sources */,
				8261FA9D29A6797C001638C8 /* CMLoginRouter.swift in Sources */,
				82130A8E29A85A92006D9E7D /* CMImageConfigSizeEnum.swift in Sources */,
				8261FAD929A6E2A9001638C8 /* CMCatalogCategoriesEnum.swift in Sources */,
				8261FAA129A679A3001638C8 /* CMCatalogView.swift in Sources */,
				82130A6A29A7CCE6006D9E7D /* CMProductionCompanyViewCell.swift in Sources */,
				82130A9829A8746A006D9E7D /* FavoriteMovie+CoreDataClass.swift in Sources */,
				82130A7829A7F4D1006D9E7D /* CMAPIServicesURLBaseEnum.swift in Sources */,
				82130A6829A7CCCA006D9E7D /* CMMovieVideoCell.swift in Sources */,
				82130A7A29A7F4E1006D9E7D /* CMAPIServicesURLPrefixEnum.swift in Sources */,
				82130A6629A7CCB6006D9E7D /* CMMovieGenreViewCell.swift in Sources */,
				8261FAB329A679FB001638C8 /* CMProfileRouter.swift in Sources */,
				82130A6C29A7D3C1006D9E7D /* CMDetailsGenresView.swift in Sources */,
				8261FAD629A69A2B001638C8 /* CMMovieViewCell.swift in Sources */,
				8261FAAF29A679ED001638C8 /* CMProfilePresenter.swift in Sources */,
				8261FAB529A67A00001638C8 /* CMProfileEntity.swift in Sources */,
				8261FA9F29A6798F001638C8 /* CMLoginEntity.swift in Sources */,
				8261FAA329A679AC001638C8 /* CMCatalogPresenter.swift in Sources */,
				8261FAC129A67A66001638C8 /* CMDetailsRouter.swift in Sources */,
				8261FAC829A68ED3001638C8 /* UIColor+Extension.swift in Sources */,
				82130A9029A86D35006D9E7D /* CMCoreDataManager.swift in Sources */,
				82130A6E29A7D813006D9E7D /* CMDetailsVideosView.swift in Sources */,
				8261FA7929A6717B001638C8 /* AppDelegate.swift in Sources */,
				82130A8929A85824006D9E7D /* UIImageView+Extension.swift in Sources */,
				8261FAC329A67A72001638C8 /* CMDetailsEntity.swift in Sources */,
				8261FACD29A68F6E001638C8 /* CMTextFieldView.swift in Sources */,
				82130A7E29A7F53D006D9E7D /* CMAPIServicesRequestMethodEnum.swift in Sources */,
				82130A7029A7D966006D9E7D /* CMDetailsProductionCompaniesVew.swift in Sources */,
				82130A7C29A7F4EC006D9E7D /* CMAPIServicesURLEndpointEnum.swift in Sources */,
				82130A8229A801A7006D9E7D /* CMLoader.swift in Sources */,
				8261FAA529A679B4001638C8 /* CMCatalogInteractor.swift in Sources */,
				8261FAAD29A679E6001638C8 /* CMProfileView.swift in Sources */,
				8261FA8329A6717B001638C8 /* CoppelMovies.xcdatamodeld in Sources */,
				82130A9929A8746A006D9E7D /* FavoriteMovie+CoreDataProperties.swift in Sources */,
				82130A8C29A859BA006D9E7D /* CMImageConfig.swift in Sources */,
			);
			runOnlyForDeploymentPostprocessing = 0;
		};
/* End PBXSourcesBuildPhase section */

/* Begin XCBuildConfiguration section */
		8261FA8A29A6717C001638C8 /* Debug */ = {
			isa = XCBuildConfiguration;
			buildSettings = {
				ALWAYS_SEARCH_USER_PATHS = NO;
				CLANG_ANALYZER_NONNULL = YES;
				CLANG_ANALYZER_NUMBER_OBJECT_CONVERSION = YES_AGGRESSIVE;
				CLANG_CXX_LANGUAGE_STANDARD = "gnu++20";
				CLANG_ENABLE_MODULES = YES;
				CLANG_ENABLE_OBJC_ARC = YES;
				CLANG_ENABLE_OBJC_WEAK = YES;
				CLANG_WARN_BLOCK_CAPTURE_AUTORELEASING = YES;
				CLANG_WARN_BOOL_CONVERSION = YES;
				CLANG_WARN_COMMA = YES;
				CLANG_WARN_CONSTANT_CONVERSION = YES;
				CLANG_WARN_DEPRECATED_OBJC_IMPLEMENTATIONS = YES;
				CLANG_WARN_DIRECT_OBJC_ISA_USAGE = YES_ERROR;
				CLANG_WARN_DOCUMENTATION_COMMENTS = YES;
				CLANG_WARN_EMPTY_BODY = YES;
				CLANG_WARN_ENUM_CONVERSION = YES;
				CLANG_WARN_INFINITE_RECURSION = YES;
				CLANG_WARN_INT_CONVERSION = YES;
				CLANG_WARN_NON_LITERAL_NULL_CONVERSION = YES;
				CLANG_WARN_OBJC_IMPLICIT_RETAIN_SELF = YES;
				CLANG_WARN_OBJC_LITERAL_CONVERSION = YES;
				CLANG_WARN_OBJC_ROOT_CLASS = YES_ERROR;
				CLANG_WARN_QUOTED_INCLUDE_IN_FRAMEWORK_HEADER = YES;
				CLANG_WARN_RANGE_LOOP_ANALYSIS = YES;
				CLANG_WARN_STRICT_PROTOTYPES = YES;
				CLANG_WARN_SUSPICIOUS_MOVE = YES;
				CLANG_WARN_UNGUARDED_AVAILABILITY = YES_AGGRESSIVE;
				CLANG_WARN_UNREACHABLE_CODE = YES;
				CLANG_WARN__DUPLICATE_METHOD_MATCH = YES;
				COPY_PHASE_STRIP = NO;
				DEBUG_INFORMATION_FORMAT = dwarf;
				ENABLE_STRICT_OBJC_MSGSEND = YES;
				ENABLE_TESTABILITY = YES;
				GCC_C_LANGUAGE_STANDARD = gnu11;
				GCC_DYNAMIC_NO_PIC = NO;
				GCC_NO_COMMON_BLOCKS = YES;
				GCC_OPTIMIZATION_LEVEL = 0;
				GCC_PREPROCESSOR_DEFINITIONS = (
					"DEBUG=1",
					"$(inherited)",
				);
				GCC_WARN_64_TO_32_BIT_CONVERSION = YES;
				GCC_WARN_ABOUT_RETURN_TYPE = YES_ERROR;
				GCC_WARN_UNDECLARED_SELECTOR = YES;
				GCC_WARN_UNINITIALIZED_AUTOS = YES_AGGRESSIVE;
				GCC_WARN_UNUSED_FUNCTION = YES;
				GCC_WARN_UNUSED_VARIABLE = YES;
				IPHONEOS_DEPLOYMENT_TARGET = 13.0;
				MTL_ENABLE_DEBUG_INFO = INCLUDE_SOURCE;
				MTL_FAST_MATH = YES;
				ONLY_ACTIVE_ARCH = YES;
				SDKROOT = iphoneos;
				SWIFT_ACTIVE_COMPILATION_CONDITIONS = DEBUG;
				SWIFT_OPTIMIZATION_LEVEL = "-Onone";
			};
			name = Debug;
		};
		8261FA8B29A6717C001638C8 /* Release */ = {
			isa = XCBuildConfiguration;
			buildSettings = {
				ALWAYS_SEARCH_USER_PATHS = NO;
				CLANG_ANALYZER_NONNULL = YES;
				CLANG_ANALYZER_NUMBER_OBJECT_CONVERSION = YES_AGGRESSIVE;
				CLANG_CXX_LANGUAGE_STANDARD = "gnu++20";
				CLANG_ENABLE_MODULES = YES;
				CLANG_ENABLE_OBJC_ARC = YES;
				CLANG_ENABLE_OBJC_WEAK = YES;
				CLANG_WARN_BLOCK_CAPTURE_AUTORELEASING = YES;
				CLANG_WARN_BOOL_CONVERSION = YES;
				CLANG_WARN_COMMA = YES;
				CLANG_WARN_CONSTANT_CONVERSION = YES;
				CLANG_WARN_DEPRECATED_OBJC_IMPLEMENTATIONS = YES;
				CLANG_WARN_DIRECT_OBJC_ISA_USAGE = YES_ERROR;
				CLANG_WARN_DOCUMENTATION_COMMENTS = YES;
				CLANG_WARN_EMPTY_BODY = YES;
				CLANG_WARN_ENUM_CONVERSION = YES;
				CLANG_WARN_INFINITE_RECURSION = YES;
				CLANG_WARN_INT_CONVERSION = YES;
				CLANG_WARN_NON_LITERAL_NULL_CONVERSION = YES;
				CLANG_WARN_OBJC_IMPLICIT_RETAIN_SELF = YES;
				CLANG_WARN_OBJC_LITERAL_CONVERSION = YES;
				CLANG_WARN_OBJC_ROOT_CLASS = YES_ERROR;
				CLANG_WARN_QUOTED_INCLUDE_IN_FRAMEWORK_HEADER = YES;
				CLANG_WARN_RANGE_LOOP_ANALYSIS = YES;
				CLANG_WARN_STRICT_PROTOTYPES = YES;
				CLANG_WARN_SUSPICIOUS_MOVE = YES;
				CLANG_WARN_UNGUARDED_AVAILABILITY = YES_AGGRESSIVE;
				CLANG_WARN_UNREACHABLE_CODE = YES;
				CLANG_WARN__DUPLICATE_METHOD_MATCH = YES;
				COPY_PHASE_STRIP = NO;
				DEBUG_INFORMATION_FORMAT = "dwarf-with-dsym";
				ENABLE_NS_ASSERTIONS = NO;
				ENABLE_STRICT_OBJC_MSGSEND = YES;
				GCC_C_LANGUAGE_STANDARD = gnu11;
				GCC_NO_COMMON_BLOCKS = YES;
				GCC_WARN_64_TO_32_BIT_CONVERSION = YES;
				GCC_WARN_ABOUT_RETURN_TYPE = YES_ERROR;
				GCC_WARN_UNDECLARED_SELECTOR = YES;
				GCC_WARN_UNINITIALIZED_AUTOS = YES_AGGRESSIVE;
				GCC_WARN_UNUSED_FUNCTION = YES;
				GCC_WARN_UNUSED_VARIABLE = YES;
				IPHONEOS_DEPLOYMENT_TARGET = 13.0;
				MTL_ENABLE_DEBUG_INFO = NO;
				MTL_FAST_MATH = YES;
				SDKROOT = iphoneos;
				SWIFT_COMPILATION_MODE = wholemodule;
				SWIFT_OPTIMIZATION_LEVEL = "-O";
				VALIDATE_PRODUCT = YES;
			};
			name = Release;
		};
		8261FA8D29A6717C001638C8 /* Debug */ = {
			isa = XCBuildConfiguration;
			buildSettings = {
				ASSETCATALOG_COMPILER_APPICON_NAME = AppIcon;
				ASSETCATALOG_COMPILER_GLOBAL_ACCENT_COLOR_NAME = AccentColor;
				CODE_SIGN_STYLE = Automatic;
				CURRENT_PROJECT_VERSION = 1;
				DEVELOPMENT_TEAM = DX65CAV54R;
				GENERATE_INFOPLIST_FILE = YES;
				INFOPLIST_FILE = CoppelMovies/Info.plist;
				INFOPLIST_KEY_UIApplicationSupportsIndirectInputEvents = YES;
				INFOPLIST_KEY_UILaunchStoryboardName = LaunchScreen;
				INFOPLIST_KEY_UISupportedInterfaceOrientations = UIInterfaceOrientationPortrait;
				INFOPLIST_KEY_UISupportedInterfaceOrientations_iPad = "UIInterfaceOrientationLandscapeLeft UIInterfaceOrientationLandscapeRight UIInterfaceOrientationPortrait UIInterfaceOrientationPortraitUpsideDown";
				IPHONEOS_DEPLOYMENT_TARGET = 13.0;
				LD_RUNPATH_SEARCH_PATHS = (
					"$(inherited)",
					"@executable_path/Frameworks",
				);
				MARKETING_VERSION = 1.0;
				PRODUCT_BUNDLE_IDENTIFIER = LuisGrano.CoppelMovies;
				PRODUCT_NAME = "$(TARGET_NAME)";
				SUPPORTED_PLATFORMS = "iphoneos iphonesimulator";
				SUPPORTS_MACCATALYST = NO;
				SUPPORTS_MAC_DESIGNED_FOR_IPHONE_IPAD = NO;
				SWIFT_EMIT_LOC_STRINGS = YES;
				SWIFT_VERSION = 5.0;
				TARGETED_DEVICE_FAMILY = 1;
			};
			name = Debug;
		};
		8261FA8E29A6717C001638C8 /* Release */ = {
			isa = XCBuildConfiguration;
			buildSettings = {
				ASSETCATALOG_COMPILER_APPICON_NAME = AppIcon;
				ASSETCATALOG_COMPILER_GLOBAL_ACCENT_COLOR_NAME = AccentColor;
				CODE_SIGN_STYLE = Automatic;
				CURRENT_PROJECT_VERSION = 1;
				DEVELOPMENT_TEAM = DX65CAV54R;
				GENERATE_INFOPLIST_FILE = YES;
				INFOPLIST_FILE = CoppelMovies/Info.plist;
				INFOPLIST_KEY_UIApplicationSupportsIndirectInputEvents = YES;
				INFOPLIST_KEY_UILaunchStoryboardName = LaunchScreen;
				INFOPLIST_KEY_UISupportedInterfaceOrientations = UIInterfaceOrientationPortrait;
				INFOPLIST_KEY_UISupportedInterfaceOrientations_iPad = "UIInterfaceOrientationLandscapeLeft UIInterfaceOrientationLandscapeRight UIInterfaceOrientationPortrait UIInterfaceOrientationPortraitUpsideDown";
				IPHONEOS_DEPLOYMENT_TARGET = 13.0;
				LD_RUNPATH_SEARCH_PATHS = (
					"$(inherited)",
					"@executable_path/Frameworks",
				);
				MARKETING_VERSION = 1.0;
				PRODUCT_BUNDLE_IDENTIFIER = LuisGrano.CoppelMovies;
				PRODUCT_NAME = "$(TARGET_NAME)";
				SUPPORTED_PLATFORMS = "iphoneos iphonesimulator";
				SUPPORTS_MACCATALYST = NO;
				SUPPORTS_MAC_DESIGNED_FOR_IPHONE_IPAD = NO;
				SWIFT_EMIT_LOC_STRINGS = YES;
				SWIFT_VERSION = 5.0;
				TARGETED_DEVICE_FAMILY = 1;
			};
			name = Release;
		};
/* End XCBuildConfiguration section */

/* Begin XCConfigurationList section */
		8261FA7029A6717B001638C8 /* Build configuration list for PBXProject "CoppelMovies" */ = {
			isa = XCConfigurationList;
			buildConfigurations = (
				8261FA8A29A6717C001638C8 /* Debug */,
				8261FA8B29A6717C001638C8 /* Release */,
			);
			defaultConfigurationIsVisible = 0;
			defaultConfigurationName = Release;
		};
		8261FA8C29A6717C001638C8 /* Build configuration list for PBXNativeTarget "CoppelMovies" */ = {
			isa = XCConfigurationList;
			buildConfigurations = (
				8261FA8D29A6717C001638C8 /* Debug */,
				8261FA8E29A6717C001638C8 /* Release */,
			);
			defaultConfigurationIsVisible = 0;
			defaultConfigurationName = Release;
		};
/* End XCConfigurationList section */

/* Begin XCVersionGroup section */
		8261FA8129A6717B001638C8 /* CoppelMovies.xcdatamodeld */ = {
			isa = XCVersionGroup;
			children = (
				8261FA8229A6717B001638C8 /* CoppelMovies.xcdatamodel */,
			);
			currentVersion = 8261FA8229A6717B001638C8 /* CoppelMovies.xcdatamodel */;
			path = CoppelMovies.xcdatamodeld;
			sourceTree = "<group>";
			versionGroupType = wrapper.xcdatamodel;
		};
/* End XCVersionGroup section */
	};
	rootObject = 8261FA6D29A6717B001638C8 /* Project object */;
}
